
Microsoft Visual Studio Solution File, Format Version 12.00
Project("{FAE04EC0-301F-11D3-BF4B-00C04F79EFBC}") = "testDocker", "testDocker.csproj", "{DDEDFF3E-D312-4C3F-BC64-779A023AD37E}"
EndProject
Global
	GlobalSection(SolutionConfigurationPlatforms) = preSolution
		Debug|Any CPU = Debug|Any CPU
		Release|Any CPU = Release|Any CPU
	EndGlobalSection
	GlobalSection(ProjectConfigurationPlatforms) = postSolution
		{DDEDFF3E-D312-4C3F-BC64-779A023AD37E}.Debug|Any CPU.ActiveCfg = Debug|Any CPU
		{DDEDFF3E-D312-4C3F-BC64-779A023AD37E}.Debug|Any CPU.Build.0 = Debug|Any CPU
		{DDEDFF3E-D312-4C3F-BC64-779A023AD37E}.Release|Any CPU.ActiveCfg = Release|Any CPU
		{DDEDFF3E-D312-4C3F-BC64-779A023AD37E}.Release|Any CPU.Build.0 = Release|Any CPU
	EndGlobalSection
EndGlobal
